
Microsoft Visual Studio Solution File, Format Version 12.00
# Visual Studio Version 17
VisualStudioVersion = 17.1.32210.238
MinimumVisualStudioVersion = 10.0.40219.1
Project("{FAE04EC0-301F-11D3-BF4B-00C04F79EFBC}") = "Calculations", "Calculations\Calculations.csproj", "{660C86F3-D5AB-44DB-9E01-01FA93CB9F53}"
EndProject
Project("{FAE04EC0-301F-11D3-BF4B-00C04F79EFBC}") = "Program", "Program\Program.csproj", "{605F9720-8681-480B-811D-18920B7371C9}"
EndProject
Global
	GlobalSection(SolutionConfigurationPlatforms) = preSolution
		Debug|Any CPU = Debug|Any CPU
		Release|Any CPU = Release|Any CPU
	EndGlobalSection
	GlobalSection(ProjectConfigurationPlatforms) = postSolution
		{660C86F3-D5AB-44DB-9E01-01FA93CB9F53}.Debug|Any CPU.ActiveCfg = Debug|Any CPU
		{660C86F3-D5AB-44DB-9E01-01FA93CB9F53}.Debug|Any CPU.Build.0 = Debug|Any CPU
		{660C86F3-D5AB-44DB-9E01-01FA93CB9F53}.Release|Any CPU.ActiveCfg = Release|Any CPU
		{660C86F3-D5AB-44DB-9E01-01FA93CB9F53}.Release|Any CPU.Build.0 = Release|Any CPU
		{605F9720-8681-480B-811D-18920B7371C9}.Debug|Any CPU.ActiveCfg = Debug|Any CPU
		{605F9720-8681-480B-811D-18920B7371C9}.Debug|Any CPU.Build.0 = Debug|Any CPU
		{605F9720-8681-480B-811D-18920B7371C9}.Release|Any CPU.ActiveCfg = Release|Any CPU
		{605F9720-8681-480B-811D-18920B7371C9}.Release|Any CPU.Build.0 = Release|Any CPU
	EndGlobalSection
	GlobalSection(SolutionProperties) = preSolution
		HideSolutionNode = FALSE
	EndGlobalSection
	GlobalSection(ExtensibilityGlobals) = postSolution
		SolutionGuid = {1965EFEA-67B3-442E-9957-FF0E881D3C4D}
	EndGlobalSection
EndGlobal
